
Microsoft Visual Studio Solution File, Format Version 12.00
# Visual Studio 15
VisualStudioVersion = 15.0.28010.2026
MinimumVisualStudioVersion = 10.0.40219.1
Project("{FAE04EC0-301F-11D3-BF4B-00C04F79EFBC}") = "wtc_3_forms", "wtc_3_forms\wtc_3_forms.csproj", "{EE9891B9-8B52-4793-B84C-0E537425B03A}"
EndProject
Project("{FAE04EC0-301F-11D3-BF4B-00C04F79EFBC}") = "wtc_3_wpf", "wtc_3_wpf\wtc_3_wpf.csproj", "{0688AFF4-4863-40AC-B38E-21B2BDC15DEC}"
EndProject
Project("{FAE04EC0-301F-11D3-BF4B-00C04F79EFBC}") = "wtc_3_xamarin.Android", "wtc_3_xamarin\wtc_3_xamarin.Android\wtc_3_xamarin.Android.csproj", "{24CE3C36-16B9-426D-AA0C-5961ECF8D88C}"
EndProject
Project("{FAE04EC0-301F-11D3-BF4B-00C04F79EFBC}") = "wtc_3_xamarin.iOS", "wtc_3_xamarin\wtc_3_xamarin.iOS\wtc_3_xamarin.iOS.csproj", "{70ED5535-D4E1-4782-83A1-9A78B2026922}"
EndProject
Project("{FAE04EC0-301F-11D3-BF4B-00C04F79EFBC}") = "wtc_3_xamarin.MobileAppService", "wtc_3_xamarin\wtc_3_xamarin.MobileAppService\wtc_3_xamarin.MobileAppService.csproj", "{19B25052-E7CE-4CE0-9E2F-149098A37844}"
EndProject
Project("{FAE04EC0-301F-11D3-BF4B-00C04F79EFBC}") = "wtc_3_xamarin", "wtc_3_xamarin\wtc_3_xamarin\wtc_3_xamarin.csproj", "{80DA8B6C-5728-40D7-9951-E179F9611849}"
EndProject
Project("{FAE04EC0-301F-11D3-BF4B-00C04F79EFBC}") = "wtc_3_console_core", "wtc_3_console_core\wtc_3_console_core.csproj", "{B11B6226-82BC-4D3A-8300-3F715B0E55B2}"
EndProject
Project("{FAE04EC0-301F-11D3-BF4B-00C04F79EFBC}") = "wtc_3_console_windows", "wtc_3_console_windows\wtc_3_console_windows.csproj", "{A09A17DA-70B2-46DE-921E-2A66788CE94A}"
EndProject
Project("{F2A71F9B-5D33-465A-A702-920D77279786}") = "wtc_3_console_f_windows", "wtc_3_console_f_windows\wtc_3_console_f_windows.fsproj", "{3AF1BD5D-EA7F-43E7-84C8-6784C2419881}"
EndProject
Project("{F2A71F9B-5D33-465A-A702-920D77279786}") = "wtc_3_console_f_core", "wtc_3_console_f_core\wtc_3_console_f_core.fsproj", "{56A79A09-8115-4988-987A-4D6817D58B9C}"
EndProject
Project("{FAE04EC0-301F-11D3-BF4B-00C04F79EFBC}") = "wtc_3_classes", "wtc_3_classes\wtc_3_classes.csproj", "{458A1A45-9B9E-47B1-AEC4-79D742A4E3B5}"
EndProject
Global
	GlobalSection(SolutionConfigurationPlatforms) = preSolution
		Debug|Any CPU = Debug|Any CPU
		Debug|iPhone = Debug|iPhone
		Debug|iPhoneSimulator = Debug|iPhoneSimulator
		Debug|x64 = Debug|x64
		Debug|x86 = Debug|x86
		Release|Any CPU = Release|Any CPU
		Release|iPhone = Release|iPhone
		Release|iPhoneSimulator = Release|iPhoneSimulator
		Release|x64 = Release|x64
		Release|x86 = Release|x86
	EndGlobalSection
	GlobalSection(ProjectConfigurationPlatforms) = postSolution
		{EE9891B9-8B52-4793-B84C-0E537425B03A}.Debug|Any CPU.ActiveCfg = Debug|Any CPU
		{EE9891B9-8B52-4793-B84C-0E537425B03A}.Debug|Any CPU.Build.0 = Debug|Any CPU
		{EE9891B9-8B52-4793-B84C-0E537425B03A}.Debug|iPhone.ActiveCfg = Debug|Any CPU
		{EE9891B9-8B52-4793-B84C-0E537425B03A}.Debug|iPhone.Build.0 = Debug|Any CPU
		{EE9891B9-8B52-4793-B84C-0E537425B03A}.Debug|iPhoneSimulator.ActiveCfg = Debug|Any CPU
		{EE9891B9-8B52-4793-B84C-0E537425B03A}.Debug|iPhoneSimulator.Build.0 = Debug|Any CPU
		{EE9891B9-8B52-4793-B84C-0E537425B03A}.Debug|x64.ActiveCfg = Debug|x64
		{EE9891B9-8B52-4793-B84C-0E537425B03A}.Debug|x64.Build.0 = Debug|x64
		{EE9891B9-8B52-4793-B84C-0E537425B03A}.Debug|x86.ActiveCfg = Debug|x86
		{EE9891B9-8B52-4793-B84C-0E537425B03A}.Debug|x86.Build.0 = Debug|x86
		{EE9891B9-8B52-4793-B84C-0E537425B03A}.Release|Any CPU.ActiveCfg = Release|Any CPU
		{EE9891B9-8B52-4793-B84C-0E537425B03A}.Release|Any CPU.Build.0 = Release|Any CPU
		{EE9891B9-8B52-4793-B84C-0E537425B03A}.Release|iPhone.ActiveCfg = Release|Any CPU
		{EE9891B9-8B52-4793-B84C-0E537425B03A}.Release|iPhone.Build.0 = Release|Any CPU
		{EE9891B9-8B52-4793-B84C-0E537425B03A}.Release|iPhoneSimulator.ActiveCfg = Release|Any CPU
		{EE9891B9-8B52-4793-B84C-0E537425B03A}.Release|iPhoneSimulator.Build.0 = Release|Any CPU
		{EE9891B9-8B52-4793-B84C-0E537425B03A}.Release|x64.ActiveCfg = Release|x64
		{EE9891B9-8B52-4793-B84C-0E537425B03A}.Release|x64.Build.0 = Release|x64
		{EE9891B9-8B52-4793-B84C-0E537425B03A}.Release|x86.ActiveCfg = Release|x86
		{EE9891B9-8B52-4793-B84C-0E537425B03A}.Release|x86.Build.0 = Release|x86
		{0688AFF4-4863-40AC-B38E-21B2BDC15DEC}.Debug|Any CPU.ActiveCfg = Debug|Any CPU
		{0688AFF4-4863-40AC-B38E-21B2BDC15DEC}.Debug|Any CPU.Build.0 = Debug|Any CPU
		{0688AFF4-4863-40AC-B38E-21B2BDC15DEC}.Debug|iPhone.ActiveCfg = Debug|Any CPU
		{0688AFF4-4863-40AC-B38E-21B2BDC15DEC}.Debug|iPhone.Build.0 = Debug|Any CPU
		{0688AFF4-4863-40AC-B38E-21B2BDC15DEC}.Debug|iPhoneSimulator.ActiveCfg = Debug|Any CPU
		{0688AFF4-4863-40AC-B38E-21B2BDC15DEC}.Debug|iPhoneSimulator.Build.0 = Debug|Any CPU
		{0688AFF4-4863-40AC-B38E-21B2BDC15DEC}.Debug|x64.ActiveCfg = Debug|x64
		{0688AFF4-4863-40AC-B38E-21B2BDC15DEC}.Debug|x64.Build.0 = Debug|x64
		{0688AFF4-4863-40AC-B38E-21B2BDC15DEC}.Debug|x86.ActiveCfg = Debug|x86
		{0688AFF4-4863-40AC-B38E-21B2BDC15DEC}.Debug|x86.Build.0 = Debug|x86
		{0688AFF4-4863-40AC-B38E-21B2BDC15DEC}.Release|Any CPU.ActiveCfg = Release|Any CPU
		{0688AFF4-4863-40AC-B38E-21B2BDC15DEC}.Release|Any CPU.Build.0 = Release|Any CPU
		{0688AFF4-4863-40AC-B38E-21B2BDC15DEC}.Release|iPhone.ActiveCfg = Release|Any CPU
		{0688AFF4-4863-40AC-B38E-21B2BDC15DEC}.Release|iPhone.Build.0 = Release|Any CPU
		{0688AFF4-4863-40AC-B38E-21B2BDC15DEC}.Release|iPhoneSimulator.ActiveCfg = Release|Any CPU
		{0688AFF4-4863-40AC-B38E-21B2BDC15DEC}.Release|iPhoneSimulator.Build.0 = Release|Any CPU
		{0688AFF4-4863-40AC-B38E-21B2BDC15DEC}.Release|x64.ActiveCfg = Release|x64
		{0688AFF4-4863-40AC-B38E-21B2BDC15DEC}.Release|x64.Build.0 = Release|x64
		{0688AFF4-4863-40AC-B38E-21B2BDC15DEC}.Release|x86.ActiveCfg = Release|x86
		{0688AFF4-4863-40AC-B38E-21B2BDC15DEC}.Release|x86.Build.0 = Release|x86
		{24CE3C36-16B9-426D-AA0C-5961ECF8D88C}.Debug|Any CPU.ActiveCfg = Debug|Any CPU
		{24CE3C36-16B9-426D-AA0C-5961ECF8D88C}.Debug|Any CPU.Build.0 = Debug|Any CPU
		{24CE3C36-16B9-426D-AA0C-5961ECF8D88C}.Debug|iPhone.ActiveCfg = Debug|Any CPU
		{24CE3C36-16B9-426D-AA0C-5961ECF8D88C}.Debug|iPhone.Build.0 = Debug|Any CPU
		{24CE3C36-16B9-426D-AA0C-5961ECF8D88C}.Debug|iPhone.Deploy.0 = Debug|Any CPU
		{24CE3C36-16B9-426D-AA0C-5961ECF8D88C}.Debug|iPhoneSimulator.ActiveCfg = Debug|Any CPU
		{24CE3C36-16B9-426D-AA0C-5961ECF8D88C}.Debug|iPhoneSimulator.Build.0 = Debug|Any CPU
		{24CE3C36-16B9-426D-AA0C-5961ECF8D88C}.Debug|iPhoneSimulator.Deploy.0 = Debug|Any CPU
		{24CE3C36-16B9-426D-AA0C-5961ECF8D88C}.Debug|x64.ActiveCfg = Debug|x64
		{24CE3C36-16B9-426D-AA0C-5961ECF8D88C}.Debug|x64.Build.0 = Debug|x64
		{24CE3C36-16B9-426D-AA0C-5961ECF8D88C}.Debug|x64.Deploy.0 = Debug|x64
		{24CE3C36-16B9-426D-AA0C-5961ECF8D88C}.Debug|x86.ActiveCfg = Debug|x86
		{24CE3C36-16B9-426D-AA0C-5961ECF8D88C}.Debug|x86.Build.0 = Debug|x86
		{24CE3C36-16B9-426D-AA0C-5961ECF8D88C}.Debug|x86.Deploy.0 = Debug|x86
		{24CE3C36-16B9-426D-AA0C-5961ECF8D88C}.Release|Any CPU.ActiveCfg = Release|Any CPU
		{24CE3C36-16B9-426D-AA0C-5961ECF8D88C}.Release|Any CPU.Build.0 = Release|Any CPU
		{24CE3C36-16B9-426D-AA0C-5961ECF8D88C}.Release|Any CPU.Deploy.0 = Release|Any CPU
		{24CE3C36-16B9-426D-AA0C-5961ECF8D88C}.Release|iPhone.ActiveCfg = Release|Any CPU
		{24CE3C36-16B9-426D-AA0C-5961ECF8D88C}.Release|iPhone.Build.0 = Release|Any CPU
		{24CE3C36-16B9-426D-AA0C-5961ECF8D88C}.Release|iPhone.Deploy.0 = Release|Any CPU
		{24CE3C36-16B9-426D-AA0C-5961ECF8D88C}.Release|iPhoneSimulator.ActiveCfg = Release|Any CPU
		{24CE3C36-16B9-426D-AA0C-5961ECF8D88C}.Release|iPhoneSimulator.Build.0 = Release|Any CPU
		{24CE3C36-16B9-426D-AA0C-5961ECF8D88C}.Release|iPhoneSimulator.Deploy.0 = Release|Any CPU
		{24CE3C36-16B9-426D-AA0C-5961ECF8D88C}.Release|x64.ActiveCfg = Release|x64
		{24CE3C36-16B9-426D-AA0C-5961ECF8D88C}.Release|x64.Build.0 = Release|x64
		{24CE3C36-16B9-426D-AA0C-5961ECF8D88C}.Release|x64.Deploy.0 = Release|x64
		{24CE3C36-16B9-426D-AA0C-5961ECF8D88C}.Release|x86.ActiveCfg = Release|x86
		{24CE3C36-16B9-426D-AA0C-5961ECF8D88C}.Release|x86.Build.0 = Release|x86
		{24CE3C36-16B9-426D-AA0C-5961ECF8D88C}.Release|x86.Deploy.0 = Release|x86
		{70ED5535-D4E1-4782-83A1-9A78B2026922}.Debug|Any CPU.ActiveCfg = Debug|iPhone
		{70ED5535-D4E1-4782-83A1-9A78B2026922}.Debug|Any CPU.Build.0 = Debug|iPhone
		{70ED5535-D4E1-4782-83A1-9A78B2026922}.Debug|iPhone.ActiveCfg = Debug|iPhone
		{70ED5535-D4E1-4782-83A1-9A78B2026922}.Debug|iPhone.Build.0 = Debug|iPhone
		{70ED5535-D4E1-4782-83A1-9A78B2026922}.Debug|iPhoneSimulator.ActiveCfg = Debug|iPhoneSimulator
		{70ED5535-D4E1-4782-83A1-9A78B2026922}.Debug|iPhoneSimulator.Build.0 = Debug|iPhoneSimulator
		{70ED5535-D4E1-4782-83A1-9A78B2026922}.Debug|x64.ActiveCfg = Debug|x64
		{70ED5535-D4E1-4782-83A1-9A78B2026922}.Debug|x86.ActiveCfg = Debug|x86
		{70ED5535-D4E1-4782-83A1-9A78B2026922}.Release|Any CPU.ActiveCfg = Release|iPhone
		{70ED5535-D4E1-4782-83A1-9A78B2026922}.Release|Any CPU.Build.0 = Release|iPhone
		{70ED5535-D4E1-4782-83A1-9A78B2026922}.Release|iPhone.ActiveCfg = Release|iPhone
		{70ED5535-D4E1-4782-83A1-9A78B2026922}.Release|iPhone.Build.0 = Release|iPhone
		{70ED5535-D4E1-4782-83A1-9A78B2026922}.Release|iPhoneSimulator.ActiveCfg = Release|iPhoneSimulator
		{70ED5535-D4E1-4782-83A1-9A78B2026922}.Release|iPhoneSimulator.Build.0 = Release|iPhoneSimulator
		{70ED5535-D4E1-4782-83A1-9A78B2026922}.Release|x64.ActiveCfg = Release|x64
		{70ED5535-D4E1-4782-83A1-9A78B2026922}.Release|x86.ActiveCfg = Release|x86
		{19B25052-E7CE-4CE0-9E2F-149098A37844}.Debug|Any CPU.ActiveCfg = Debug|Any CPU
		{19B25052-E7CE-4CE0-9E2F-149098A37844}.Debug|Any CPU.Build.0 = Debug|Any CPU
		{19B25052-E7CE-4CE0-9E2F-149098A37844}.Debug|iPhone.ActiveCfg = Debug|Any CPU
		{19B25052-E7CE-4CE0-9E2F-149098A37844}.Debug|iPhone.Build.0 = Debug|Any CPU
		{19B25052-E7CE-4CE0-9E2F-149098A37844}.Debug|iPhoneSimulator.ActiveCfg = Debug|Any CPU
		{19B25052-E7CE-4CE0-9E2F-149098A37844}.Debug|iPhoneSimulator.Build.0 = Debug|Any CPU
		{19B25052-E7CE-4CE0-9E2F-149098A37844}.Debug|x64.ActiveCfg = Debug|x64
		{19B25052-E7CE-4CE0-9E2F-149098A37844}.Debug|x64.Build.0 = Debug|x64
		{19B25052-E7CE-4CE0-9E2F-149098A37844}.Debug|x86.ActiveCfg = Debug|x86
		{19B25052-E7CE-4CE0-9E2F-149098A37844}.Debug|x86.Build.0 = Debug|x86
		{19B25052-E7CE-4CE0-9E2F-149098A37844}.Release|Any CPU.ActiveCfg = Release|Any CPU
		{19B25052-E7CE-4CE0-9E2F-149098A37844}.Release|Any CPU.Build.0 = Release|Any CPU
		{19B25052-E7CE-4CE0-9E2F-149098A37844}.Release|iPhone.ActiveCfg = Release|Any CPU
		{19B25052-E7CE-4CE0-9E2F-149098A37844}.Release|iPhone.Build.0 = Release|Any CPU
		{19B25052-E7CE-4CE0-9E2F-149098A37844}.Release|iPhoneSimulator.ActiveCfg = Release|Any CPU
		{19B25052-E7CE-4CE0-9E2F-149098A37844}.Release|iPhoneSimulator.Build.0 = Release|Any CPU
		{19B25052-E7CE-4CE0-9E2F-149098A37844}.Release|x64.ActiveCfg = Release|x64
		{19B25052-E7CE-4CE0-9E2F-149098A37844}.Release|x64.Build.0 = Release|x64
		{19B25052-E7CE-4CE0-9E2F-149098A37844}.Release|x86.ActiveCfg = Release|x86
		{19B25052-E7CE-4CE0-9E2F-149098A37844}.Release|x86.Build.0 = Release|x86
		{80DA8B6C-5728-40D7-9951-E179F9611849}.Debug|Any CPU.ActiveCfg = Debug|Any CPU
		{80DA8B6C-5728-40D7-9951-E179F9611849}.Debug|Any CPU.Build.0 = Debug|Any CPU
		{80DA8B6C-5728-40D7-9951-E179F9611849}.Debug|iPhone.ActiveCfg = Debug|Any CPU
		{80DA8B6C-5728-40D7-9951-E179F9611849}.Debug|iPhone.Build.0 = Debug|Any CPU
		{80DA8B6C-5728-40D7-9951-E179F9611849}.Debug|iPhoneSimulator.ActiveCfg = Debug|Any CPU
		{80DA8B6C-5728-40D7-9951-E179F9611849}.Debug|iPhoneSimulator.Build.0 = Debug|Any CPU
		{80DA8B6C-5728-40D7-9951-E179F9611849}.Debug|x64.ActiveCfg = Debug|x64
		{80DA8B6C-5728-40D7-9951-E179F9611849}.Debug|x64.Build.0 = Debug|x64
		{80DA8B6C-5728-40D7-9951-E179F9611849}.Debug|x86.ActiveCfg = Debug|x86
		{80DA8B6C-5728-40D7-9951-E179F9611849}.Debug|x86.Build.0 = Debug|x86
		{80DA8B6C-5728-40D7-9951-E179F9611849}.Release|Any CPU.ActiveCfg = Release|Any CPU
		{80DA8B6C-5728-40D7-9951-E179F9611849}.Release|Any CPU.Build.0 = Release|Any CPU
		{80DA8B6C-5728-40D7-9951-E179F9611849}.Release|iPhone.ActiveCfg = Release|Any CPU
		{80DA8B6C-5728-40D7-9951-E179F9611849}.Release|iPhone.Build.0 = Release|Any CPU
		{80DA8B6C-5728-40D7-9951-E179F9611849}.Release|iPhoneSimulator.ActiveCfg = Release|Any CPU
		{80DA8B6C-5728-40D7-9951-E179F9611849}.Release|iPhoneSimulator.Build.0 = Release|Any CPU
		{80DA8B6C-5728-40D7-9951-E179F9611849}.Release|x64.ActiveCfg = Release|x64
		{80DA8B6C-5728-40D7-9951-E179F9611849}.Release|x64.Build.0 = Release|x64
		{80DA8B6C-5728-40D7-9951-E179F9611849}.Release|x86.ActiveCfg = Release|x86
		{80DA8B6C-5728-40D7-9951-E179F9611849}.Release|x86.Build.0 = Release|x86
		{B11B6226-82BC-4D3A-8300-3F715B0E55B2}.Debug|Any CPU.ActiveCfg = Debug|Any CPU
		{B11B6226-82BC-4D3A-8300-3F715B0E55B2}.Debug|Any CPU.Build.0 = Debug|Any CPU
		{B11B6226-82BC-4D3A-8300-3F715B0E55B2}.Debug|iPhone.ActiveCfg = Debug|Any CPU
		{B11B6226-82BC-4D3A-8300-3F715B0E55B2}.Debug|iPhone.Build.0 = Debug|Any CPU
		{B11B6226-82BC-4D3A-8300-3F715B0E55B2}.Debug|iPhoneSimulator.ActiveCfg = Debug|Any CPU
		{B11B6226-82BC-4D3A-8300-3F715B0E55B2}.Debug|iPhoneSimulator.Build.0 = Debug|Any CPU
		{B11B6226-82BC-4D3A-8300-3F715B0E55B2}.Debug|x64.ActiveCfg = Debug|x64
		{B11B6226-82BC-4D3A-8300-3F715B0E55B2}.Debug|x64.Build.0 = Debug|x64
		{B11B6226-82BC-4D3A-8300-3F715B0E55B2}.Debug|x86.ActiveCfg = Debug|x86
		{B11B6226-82BC-4D3A-8300-3F715B0E55B2}.Debug|x86.Build.0 = Debug|x86
		{B11B6226-82BC-4D3A-8300-3F715B0E55B2}.Release|Any CPU.ActiveCfg = Release|Any CPU
		{B11B6226-82BC-4D3A-8300-3F715B0E55B2}.Release|Any CPU.Build.0 = Release|Any CPU
		{B11B6226-82BC-4D3A-8300-3F715B0E55B2}.Release|iPhone.ActiveCfg = Release|Any CPU
		{B11B6226-82BC-4D3A-8300-3F715B0E55B2}.Release|iPhone.Build.0 = Release|Any CPU
		{B11B6226-82BC-4D3A-8300-3F715B0E55B2}.Release|iPhoneSimulator.ActiveCfg = Release|Any CPU
		{B11B6226-82BC-4D3A-8300-3F715B0E55B2}.Release|iPhoneSimulator.Build.0 = Release|Any CPU
		{B11B6226-82BC-4D3A-8300-3F715B0E55B2}.Release|x64.ActiveCfg = Release|x64
		{B11B6226-82BC-4D3A-8300-3F715B0E55B2}.Release|x64.Build.0 = Release|x64
		{B11B6226-82BC-4D3A-8300-3F715B0E55B2}.Release|x86.ActiveCfg = Release|x86
		{B11B6226-82BC-4D3A-8300-3F715B0E55B2}.Release|x86.Build.0 = Release|x86
		{A09A17DA-70B2-46DE-921E-2A66788CE94A}.Debug|Any CPU.ActiveCfg = Debug|Any CPU
		{A09A17DA-70B2-46DE-921E-2A66788CE94A}.Debug|Any CPU.Build.0 = Debug|Any CPU
		{A09A17DA-70B2-46DE-921E-2A66788CE94A}.Debug|iPhone.ActiveCfg = Debug|Any CPU
		{A09A17DA-70B2-46DE-921E-2A66788CE94A}.Debug|iPhone.Build.0 = Debug|Any CPU
		{A09A17DA-70B2-46DE-921E-2A66788CE94A}.Debug|iPhoneSimulator.ActiveCfg = Debug|Any CPU
		{A09A17DA-70B2-46DE-921E-2A66788CE94A}.Debug|iPhoneSimulator.Build.0 = Debug|Any CPU
		{A09A17DA-70B2-46DE-921E-2A66788CE94A}.Debug|x64.ActiveCfg = Debug|x64
		{A09A17DA-70B2-46DE-921E-2A66788CE94A}.Debug|x64.Build.0 = Debug|x64
		{A09A17DA-70B2-46DE-921E-2A66788CE94A}.Debug|x86.ActiveCfg = Debug|x86
		{A09A17DA-70B2-46DE-921E-2A66788CE94A}.Debug|x86.Build.0 = Debug|x86
		{A09A17DA-70B2-46DE-921E-2A66788CE94A}.Release|Any CPU.ActiveCfg = Release|Any CPU
		{A09A17DA-70B2-46DE-921E-2A66788CE94A}.Release|Any CPU.Build.0 = Release|Any CPU
		{A09A17DA-70B2-46DE-921E-2A66788CE94A}.Release|iPhone.ActiveCfg = Release|Any CPU
		{A09A17DA-70B2-46DE-921E-2A66788CE94A}.Release|iPhone.Build.0 = Release|Any CPU
		{A09A17DA-70B2-46DE-921E-2A66788CE94A}.Release|iPhoneSimulator.ActiveCfg = Release|Any CPU
		{A09A17DA-70B2-46DE-921E-2A66788CE94A}.Release|iPhoneSimulator.Build.0 = Release|Any CPU
		{A09A17DA-70B2-46DE-921E-2A66788CE94A}.Release|x64.ActiveCfg = Release|x64
		{A09A17DA-70B2-46DE-921E-2A66788CE94A}.Release|x64.Build.0 = Release|x64
		{A09A17DA-70B2-46DE-921E-2A66788CE94A}.Release|x86.ActiveCfg = Release|x86
		{A09A17DA-70B2-46DE-921E-2A66788CE94A}.Release|x86.Build.0 = Release|x86
		{3AF1BD5D-EA7F-43E7-84C8-6784C2419881}.Debug|Any CPU.ActiveCfg = Debug|Any CPU
		{3AF1BD5D-EA7F-43E7-84C8-6784C2419881}.Debug|Any CPU.Build.0 = Debug|Any CPU
		{3AF1BD5D-EA7F-43E7-84C8-6784C2419881}.Debug|iPhone.ActiveCfg = Debug|Any CPU
		{3AF1BD5D-EA7F-43E7-84C8-6784C2419881}.Debug|iPhone.Build.0 = Debug|Any CPU
		{3AF1BD5D-EA7F-43E7-84C8-6784C2419881}.Debug|iPhoneSimulator.ActiveCfg = Debug|Any CPU
		{3AF1BD5D-EA7F-43E7-84C8-6784C2419881}.Debug|iPhoneSimulator.Build.0 = Debug|Any CPU
		{3AF1BD5D-EA7F-43E7-84C8-6784C2419881}.Debug|x64.ActiveCfg = Debug|x64
		{3AF1BD5D-EA7F-43E7-84C8-6784C2419881}.Debug|x64.Build.0 = Debug|x64
		{3AF1BD5D-EA7F-43E7-84C8-6784C2419881}.Debug|x86.ActiveCfg = Debug|x86
		{3AF1BD5D-EA7F-43E7-84C8-6784C2419881}.Debug|x86.Build.0 = Debug|x86
		{3AF1BD5D-EA7F-43E7-84C8-6784C2419881}.Release|Any CPU.ActiveCfg = Release|Any CPU
		{3AF1BD5D-EA7F-43E7-84C8-6784C2419881}.Release|Any CPU.Build.0 = Release|Any CPU
		{3AF1BD5D-EA7F-43E7-84C8-6784C2419881}.Release|iPhone.ActiveCfg = Release|Any CPU
		{3AF1BD5D-EA7F-43E7-84C8-6784C2419881}.Release|iPhone.Build.0 = Release|Any CPU
		{3AF1BD5D-EA7F-43E7-84C8-6784C2419881}.Release|iPhoneSimulator.ActiveCfg = Release|Any CPU
		{3AF1BD5D-EA7F-43E7-84C8-6784C2419881}.Release|iPhoneSimulator.Build.0 = Release|Any CPU
		{3AF1BD5D-EA7F-43E7-84C8-6784C2419881}.Release|x64.ActiveCfg = Release|x64
		{3AF1BD5D-EA7F-43E7-84C8-6784C2419881}.Release|x64.Build.0 = Release|x64
		{3AF1BD5D-EA7F-43E7-84C8-6784C2419881}.Release|x86.ActiveCfg = Release|x86
		{3AF1BD5D-EA7F-43E7-84C8-6784C2419881}.Release|x86.Build.0 = Release|x86
		{56A79A09-8115-4988-987A-4D6817D58B9C}.Debug|Any CPU.ActiveCfg = Debug|Any CPU
		{56A79A09-8115-4988-987A-4D6817D58B9C}.Debug|Any CPU.Build.0 = Debug|Any CPU
		{56A79A09-8115-4988-987A-4D6817D58B9C}.Debug|iPhone.ActiveCfg = Debug|Any CPU
		{56A79A09-8115-4988-987A-4D6817D58B9C}.Debug|iPhone.Build.0 = Debug|Any CPU
		{56A79A09-8115-4988-987A-4D6817D58B9C}.Debug|iPhoneSimulator.ActiveCfg = Debug|Any CPU
		{56A79A09-8115-4988-987A-4D6817D58B9C}.Debug|iPhoneSimulator.Build.0 = Debug|Any CPU
		{56A79A09-8115-4988-987A-4D6817D58B9C}.Debug|x64.ActiveCfg = Debug|x64
		{56A79A09-8115-4988-987A-4D6817D58B9C}.Debug|x64.Build.0 = Debug|x64
		{56A79A09-8115-4988-987A-4D6817D58B9C}.Debug|x86.ActiveCfg = Debug|x86
		{56A79A09-8115-4988-987A-4D6817D58B9C}.Debug|x86.Build.0 = Debug|x86
		{56A79A09-8115-4988-987A-4D6817D58B9C}.Release|Any CPU.ActiveCfg = Release|Any CPU
		{56A79A09-8115-4988-987A-4D6817D58B9C}.Release|Any CPU.Build.0 = Release|Any CPU
		{56A79A09-8115-4988-987A-4D6817D58B9C}.Release|iPhone.ActiveCfg = Release|Any CPU
		{56A79A09-8115-4988-987A-4D6817D58B9C}.Release|iPhone.Build.0 = Release|Any CPU
		{56A79A09-8115-4988-987A-4D6817D58B9C}.Release|iPhoneSimulator.ActiveCfg = Release|Any CPU
		{56A79A09-8115-4988-987A-4D6817D58B9C}.Release|iPhoneSimulator.Build.0 = Release|Any CPU
		{56A79A09-8115-4988-987A-4D6817D58B9C}.Release|x64.ActiveCfg = Release|x64
		{56A79A09-8115-4988-987A-4D6817D58B9C}.Release|x64.Build.0 = Release|x64
		{56A79A09-8115-4988-987A-4D6817D58B9C}.Release|x86.ActiveCfg = Release|x86
		{56A79A09-8115-4988-987A-4D6817D58B9C}.Release|x86.Build.0 = Release|x86
		{458A1A45-9B9E-47B1-AEC4-79D742A4E3B5}.Debug|Any CPU.ActiveCfg = Debug|Any CPU
		{458A1A45-9B9E-47B1-AEC4-79D742A4E3B5}.Debug|Any CPU.Build.0 = Debug|Any CPU
		{458A1A45-9B9E-47B1-AEC4-79D742A4E3B5}.Debug|iPhone.ActiveCfg = Debug|Any CPU
		{458A1A45-9B9E-47B1-AEC4-79D742A4E3B5}.Debug|iPhone.Build.0 = Debug|Any CPU
		{458A1A45-9B9E-47B1-AEC4-79D742A4E3B5}.Debug|iPhoneSimulator.ActiveCfg = Debug|Any CPU
		{458A1A45-9B9E-47B1-AEC4-79D742A4E3B5}.Debug|iPhoneSimulator.Build.0 = Debug|Any CPU
		{458A1A45-9B9E-47B1-AEC4-79D742A4E3B5}.Debug|x64.ActiveCfg = Debug|Any CPU
		{458A1A45-9B9E-47B1-AEC4-79D742A4E3B5}.Debug|x64.Build.0 = Debug|Any CPU
		{458A1A45-9B9E-47B1-AEC4-79D742A4E3B5}.Debug|x86.ActiveCfg = Debug|Any CPU
		{458A1A45-9B9E-47B1-AEC4-79D742A4E3B5}.Debug|x86.Build.0 = Debug|Any CPU
		{458A1A45-9B9E-47B1-AEC4-79D742A4E3B5}.Release|Any CPU.ActiveCfg = Release|Any CPU
		{458A1A45-9B9E-47B1-AEC4-79D742A4E3B5}.Release|Any CPU.Build.0 = Release|Any CPU
		{458A1A45-9B9E-47B1-AEC4-79D742A4E3B5}.Release|iPhone.ActiveCfg = Release|Any CPU
		{458A1A45-9B9E-47B1-AEC4-79D742A4E3B5}.Release|iPhone.Build.0 = Release|Any CPU
		{458A1A45-9B9E-47B1-AEC4-79D742A4E3B5}.Release|iPhoneSimulator.ActiveCfg = Release|Any CPU
		{458A1A45-9B9E-47B1-AEC4-79D742A4E3B5}.Release|iPhoneSimulator.Build.0 = Release|Any CPU
		{458A1A45-9B9E-47B1-AEC4-79D742A4E3B5}.Release|x64.ActiveCfg = Release|Any CPU
		{458A1A45-9B9E-47B1-AEC4-79D742A4E3B5}.Release|x64.Build.0 = Release|Any CPU
		{458A1A45-9B9E-47B1-AEC4-79D742A4E3B5}.Release|x86.ActiveCfg = Release|Any CPU
		{458A1A45-9B9E-47B1-AEC4-79D742A4E3B5}.Release|x86.Build.0 = Release|Any CPU
	EndGlobalSection
	GlobalSection(SolutionProperties) = preSolution
		HideSolutionNode = FALSE
	EndGlobalSection
	GlobalSection(ExtensibilityGlobals) = postSolution
		SolutionGuid = {048CFE0E-E25E-43F3-99F6-0FA489C08E2D}
	EndGlobalSection
EndGlobal
